
Microsoft Visual Studio Solution File, Format Version 12.00
# Visual Studio Version 17
VisualStudioVersion = 17.8.34525.116
MinimumVisualStudioVersion = 10.0.40219.1
Project("{FAE04EC0-301F-11D3-BF4B-00C04F79EFBC}") = "EFM_MON", "EFM_MON\EFM_MON.csproj", "{D7AA17EC-7585-45BF-929E-DEDB1EA07670}"
EndProject
Project("{9A19103F-16F7-4668-BE54-9A1E7A4F7556}") = "EFMSIGN", "EFMSIGN\EFMSIGN.csproj", "{20B4027E-0960-4894-BC27-FD2588CE5ABE}"
EndProject
Project("{FAE04EC0-301F-11D3-BF4B-00C04F79EFBC}") = "EFM_MIRROR_APITESTER", "EFM_MIRROR_APITESTER\EFM_MIRROR_APITESTER.csproj", "{63B70A59-DEAA-4213-B917-0FFBAB1A8685}"
EndProject
Project("{FAE04EC0-301F-11D3-BF4B-00C04F79EFBC}") = "EFORMWIN", "EFORMWIN\EFORMWIN.csproj", "{7AACAF56-347D-43B1-B91B-C59B74446795}"
EndProject
Project("{FAE04EC0-301F-11D3-BF4B-00C04F79EFBC}") = "ConsoleTest", "ConsoleTest\ConsoleTest.csproj", "{ED3B9230-53A5-4E19-99D7-977CE96DDB25}"
EndProject
Project("{FAE04EC0-301F-11D3-BF4B-00C04F79EFBC}") = "EFM_INK", "EFM_INK\EFM_INK.csproj", "{122006AC-3EC4-4D4E-ACAE-8FF9BFD797D0}"
EndProject
Project("{FAE04EC0-301F-11D3-BF4B-00C04F79EFBC}") = "Painter", "Paint-Demo-WPF-master\Painter\Painter.csproj", "{CF527551-C5C4-4F61-8A1E-F083B1AEC279}"
EndProject
Project("{FAE04EC0-301F-11D3-BF4B-00C04F79EFBC}") = "APITester", "APITester\APITester.csproj", "{BB9BE2DA-3846-4A33-89DA-4C8CBFFADF4B}"
EndProject
Global
	GlobalSection(SolutionConfigurationPlatforms) = preSolution
		Debug|Any CPU = Debug|Any CPU
		Debug|ARM = Debug|ARM
		Debug|ARM64 = Debug|ARM64
		Debug|x64 = Debug|x64
		Debug|x86 = Debug|x86
		Release|Any CPU = Release|Any CPU
		Release|ARM = Release|ARM
		Release|ARM64 = Release|ARM64
		Release|x64 = Release|x64
		Release|x86 = Release|x86
	EndGlobalSection
	GlobalSection(ProjectConfigurationPlatforms) = postSolution
		{D7AA17EC-7585-45BF-929E-DEDB1EA07670}.Debug|Any CPU.ActiveCfg = Debug|Any CPU
		{D7AA17EC-7585-45BF-929E-DEDB1EA07670}.Debug|Any CPU.Build.0 = Debug|Any CPU
		{D7AA17EC-7585-45BF-929E-DEDB1EA07670}.Debug|ARM.ActiveCfg = Debug|Any CPU
		{D7AA17EC-7585-45BF-929E-DEDB1EA07670}.Debug|ARM.Build.0 = Debug|Any CPU
		{D7AA17EC-7585-45BF-929E-DEDB1EA07670}.Debug|ARM64.ActiveCfg = Debug|Any CPU
		{D7AA17EC-7585-45BF-929E-DEDB1EA07670}.Debug|ARM64.Build.0 = Debug|Any CPU
		{D7AA17EC-7585-45BF-929E-DEDB1EA07670}.Debug|x64.ActiveCfg = Debug|Any CPU
		{D7AA17EC-7585-45BF-929E-DEDB1EA07670}.Debug|x64.Build.0 = Debug|Any CPU
		{D7AA17EC-7585-45BF-929E-DEDB1EA07670}.Debug|x86.ActiveCfg = Debug|Any CPU
		{D7AA17EC-7585-45BF-929E-DEDB1EA07670}.Debug|x86.Build.0 = Debug|Any CPU
		{D7AA17EC-7585-45BF-929E-DEDB1EA07670}.Release|Any CPU.ActiveCfg = Release|Any CPU
		{D7AA17EC-7585-45BF-929E-DEDB1EA07670}.Release|Any CPU.Build.0 = Release|Any CPU
		{D7AA17EC-7585-45BF-929E-DEDB1EA07670}.Release|ARM.ActiveCfg = Release|Any CPU
		{D7AA17EC-7585-45BF-929E-DEDB1EA07670}.Release|ARM.Build.0 = Release|Any CPU
		{D7AA17EC-7585-45BF-929E-DEDB1EA07670}.Release|ARM64.ActiveCfg = Release|Any CPU
		{D7AA17EC-7585-45BF-929E-DEDB1EA07670}.Release|ARM64.Build.0 = Release|Any CPU
		{D7AA17EC-7585-45BF-929E-DEDB1EA07670}.Release|x64.ActiveCfg = Release|Any CPU
		{D7AA17EC-7585-45BF-929E-DEDB1EA07670}.Release|x64.Build.0 = Release|Any CPU
		{D7AA17EC-7585-45BF-929E-DEDB1EA07670}.Release|x86.ActiveCfg = Release|Any CPU
		{D7AA17EC-7585-45BF-929E-DEDB1EA07670}.Release|x86.Build.0 = Release|Any CPU
		{20B4027E-0960-4894-BC27-FD2588CE5ABE}.Debug|Any CPU.ActiveCfg = Debug|Any CPU
		{20B4027E-0960-4894-BC27-FD2588CE5ABE}.Debug|Any CPU.Build.0 = Debug|Any CPU
		{20B4027E-0960-4894-BC27-FD2588CE5ABE}.Debug|Any CPU.Deploy.0 = Debug|Any CPU
		{20B4027E-0960-4894-BC27-FD2588CE5ABE}.Debug|ARM.ActiveCfg = Debug|Any CPU
		{20B4027E-0960-4894-BC27-FD2588CE5ABE}.Debug|ARM.Build.0 = Debug|Any CPU
		{20B4027E-0960-4894-BC27-FD2588CE5ABE}.Debug|ARM.Deploy.0 = Debug|Any CPU
		{20B4027E-0960-4894-BC27-FD2588CE5ABE}.Debug|ARM64.ActiveCfg = Debug|Any CPU
		{20B4027E-0960-4894-BC27-FD2588CE5ABE}.Debug|ARM64.Build.0 = Debug|Any CPU
		{20B4027E-0960-4894-BC27-FD2588CE5ABE}.Debug|ARM64.Deploy.0 = Debug|Any CPU
		{20B4027E-0960-4894-BC27-FD2588CE5ABE}.Debug|x64.ActiveCfg = Debug|Any CPU
		{20B4027E-0960-4894-BC27-FD2588CE5ABE}.Debug|x64.Build.0 = Debug|Any CPU
		{20B4027E-0960-4894-BC27-FD2588CE5ABE}.Debug|x64.Deploy.0 = Debug|Any CPU
		{20B4027E-0960-4894-BC27-FD2588CE5ABE}.Debug|x86.ActiveCfg = Debug|Any CPU
		{20B4027E-0960-4894-BC27-FD2588CE5ABE}.Debug|x86.Build.0 = Debug|Any CPU
		{20B4027E-0960-4894-BC27-FD2588CE5ABE}.Debug|x86.Deploy.0 = Debug|Any CPU
		{20B4027E-0960-4894-BC27-FD2588CE5ABE}.Release|Any CPU.ActiveCfg = Release|Any CPU
		{20B4027E-0960-4894-BC27-FD2588CE5ABE}.Release|Any CPU.Build.0 = Release|Any CPU
		{20B4027E-0960-4894-BC27-FD2588CE5ABE}.Release|Any CPU.Deploy.0 = Release|Any CPU
		{20B4027E-0960-4894-BC27-FD2588CE5ABE}.Release|ARM.ActiveCfg = Release|Any CPU
		{20B4027E-0960-4894-BC27-FD2588CE5ABE}.Release|ARM.Build.0 = Release|Any CPU
		{20B4027E-0960-4894-BC27-FD2588CE5ABE}.Release|ARM.Deploy.0 = Release|Any CPU
		{20B4027E-0960-4894-BC27-FD2588CE5ABE}.Release|ARM64.ActiveCfg = Release|Any CPU
		{20B4027E-0960-4894-BC27-FD2588CE5ABE}.Release|ARM64.Build.0 = Release|Any CPU
		{20B4027E-0960-4894-BC27-FD2588CE5ABE}.Release|ARM64.Deploy.0 = Release|Any CPU
		{20B4027E-0960-4894-BC27-FD2588CE5ABE}.Release|x64.ActiveCfg = Release|Any CPU
		{20B4027E-0960-4894-BC27-FD2588CE5ABE}.Release|x64.Build.0 = Release|Any CPU
		{20B4027E-0960-4894-BC27-FD2588CE5ABE}.Release|x64.Deploy.0 = Release|Any CPU
		{20B4027E-0960-4894-BC27-FD2588CE5ABE}.Release|x86.ActiveCfg = Release|Any CPU
		{20B4027E-0960-4894-BC27-FD2588CE5ABE}.Release|x86.Build.0 = Release|Any CPU
		{20B4027E-0960-4894-BC27-FD2588CE5ABE}.Release|x86.Deploy.0 = Release|Any CPU
		{63B70A59-DEAA-4213-B917-0FFBAB1A8685}.Debug|Any CPU.ActiveCfg = Debug|Any CPU
		{63B70A59-DEAA-4213-B917-0FFBAB1A8685}.Debug|Any CPU.Build.0 = Debug|Any CPU
		{63B70A59-DEAA-4213-B917-0FFBAB1A8685}.Debug|ARM.ActiveCfg = Debug|Any CPU
		{63B70A59-DEAA-4213-B917-0FFBAB1A8685}.Debug|ARM.Build.0 = Debug|Any CPU
		{63B70A59-DEAA-4213-B917-0FFBAB1A8685}.Debug|ARM64.ActiveCfg = Debug|Any CPU
		{63B70A59-DEAA-4213-B917-0FFBAB1A8685}.Debug|ARM64.Build.0 = Debug|Any CPU
		{63B70A59-DEAA-4213-B917-0FFBAB1A8685}.Debug|x64.ActiveCfg = Debug|Any CPU
		{63B70A59-DEAA-4213-B917-0FFBAB1A8685}.Debug|x64.Build.0 = Debug|Any CPU
		{63B70A59-DEAA-4213-B917-0FFBAB1A8685}.Debug|x86.ActiveCfg = Debug|Any CPU
		{63B70A59-DEAA-4213-B917-0FFBAB1A8685}.Debug|x86.Build.0 = Debug|Any CPU
		{63B70A59-DEAA-4213-B917-0FFBAB1A8685}.Release|Any CPU.ActiveCfg = Release|Any CPU
		{63B70A59-DEAA-4213-B917-0FFBAB1A8685}.Release|Any CPU.Build.0 = Release|Any CPU
		{63B70A59-DEAA-4213-B917-0FFBAB1A8685}.Release|ARM.ActiveCfg = Release|Any CPU
		{63B70A59-DEAA-4213-B917-0FFBAB1A8685}.Release|ARM.Build.0 = Release|Any CPU
		{63B70A59-DEAA-4213-B917-0FFBAB1A8685}.Release|ARM64.ActiveCfg = Release|Any CPU
		{63B70A59-DEAA-4213-B917-0FFBAB1A8685}.Release|ARM64.Build.0 = Release|Any CPU
		{63B70A59-DEAA-4213-B917-0FFBAB1A8685}.Release|x64.ActiveCfg = Release|Any CPU
		{63B70A59-DEAA-4213-B917-0FFBAB1A8685}.Release|x64.Build.0 = Release|Any CPU
		{63B70A59-DEAA-4213-B917-0FFBAB1A8685}.Release|x86.ActiveCfg = Release|Any CPU
		{63B70A59-DEAA-4213-B917-0FFBAB1A8685}.Release|x86.Build.0 = Release|Any CPU
		{7AACAF56-347D-43B1-B91B-C59B74446795}.Debug|Any CPU.ActiveCfg = Debug|Any CPU
		{7AACAF56-347D-43B1-B91B-C59B74446795}.Debug|Any CPU.Build.0 = Debug|Any CPU
		{7AACAF56-347D-43B1-B91B-C59B74446795}.Debug|ARM.ActiveCfg = Debug|Any CPU
		{7AACAF56-347D-43B1-B91B-C59B74446795}.Debug|ARM.Build.0 = Debug|Any CPU
		{7AACAF56-347D-43B1-B91B-C59B74446795}.Debug|ARM64.ActiveCfg = Debug|Any CPU
		{7AACAF56-347D-43B1-B91B-C59B74446795}.Debug|ARM64.Build.0 = Debug|Any CPU
		{7AACAF56-347D-43B1-B91B-C59B74446795}.Debug|x64.ActiveCfg = Debug|Any CPU
		{7AACAF56-347D-43B1-B91B-C59B74446795}.Debug|x64.Build.0 = Debug|Any CPU
		{7AACAF56-347D-43B1-B91B-C59B74446795}.Debug|x86.ActiveCfg = Debug|Any CPU
		{7AACAF56-347D-43B1-B91B-C59B74446795}.Debug|x86.Build.0 = Debug|Any CPU
		{7AACAF56-347D-43B1-B91B-C59B74446795}.Release|Any CPU.ActiveCfg = Release|Any CPU
		{7AACAF56-347D-43B1-B91B-C59B74446795}.Release|Any CPU.Build.0 = Release|Any CPU
		{7AACAF56-347D-43B1-B91B-C59B74446795}.Release|ARM.ActiveCfg = Release|Any CPU
		{7AACAF56-347D-43B1-B91B-C59B74446795}.Release|ARM.Build.0 = Release|Any CPU
		{7AACAF56-347D-43B1-B91B-C59B74446795}.Release|ARM64.ActiveCfg = Release|Any CPU
		{7AACAF56-347D-43B1-B91B-C59B74446795}.Release|ARM64.Build.0 = Release|Any CPU
		{7AACAF56-347D-43B1-B91B-C59B74446795}.Release|x64.ActiveCfg = Release|Any CPU
		{7AACAF56-347D-43B1-B91B-C59B74446795}.Release|x64.Build.0 = Release|Any CPU
		{7AACAF56-347D-43B1-B91B-C59B74446795}.Release|x86.ActiveCfg = Release|Any CPU
		{7AACAF56-347D-43B1-B91B-C59B74446795}.Release|x86.Build.0 = Release|Any CPU
		{ED3B9230-53A5-4E19-99D7-977CE96DDB25}.Debug|Any CPU.ActiveCfg = Debug|Any CPU
		{ED3B9230-53A5-4E19-99D7-977CE96DDB25}.Debug|Any CPU.Build.0 = Debug|Any CPU
		{ED3B9230-53A5-4E19-99D7-977CE96DDB25}.Debug|ARM.ActiveCfg = Debug|Any CPU
		{ED3B9230-53A5-4E19-99D7-977CE96DDB25}.Debug|ARM.Build.0 = Debug|Any CPU
		{ED3B9230-53A5-4E19-99D7-977CE96DDB25}.Debug|ARM64.ActiveCfg = Debug|Any CPU
		{ED3B9230-53A5-4E19-99D7-977CE96DDB25}.Debug|ARM64.Build.0 = Debug|Any CPU
		{ED3B9230-53A5-4E19-99D7-977CE96DDB25}.Debug|x64.ActiveCfg = Debug|Any CPU
		{ED3B9230-53A5-4E19-99D7-977CE96DDB25}.Debug|x64.Build.0 = Debug|Any CPU
		{ED3B9230-53A5-4E19-99D7-977CE96DDB25}.Debug|x86.ActiveCfg = Debug|Any CPU
		{ED3B9230-53A5-4E19-99D7-977CE96DDB25}.Debug|x86.Build.0 = Debug|Any CPU
		{ED3B9230-53A5-4E19-99D7-977CE96DDB25}.Release|Any CPU.ActiveCfg = Release|Any CPU
		{ED3B9230-53A5-4E19-99D7-977CE96DDB25}.Release|Any CPU.Build.0 = Release|Any CPU
		{ED3B9230-53A5-4E19-99D7-977CE96DDB25}.Release|ARM.ActiveCfg = Release|Any CPU
		{ED3B9230-53A5-4E19-99D7-977CE96DDB25}.Release|ARM.Build.0 = Release|Any CPU
		{ED3B9230-53A5-4E19-99D7-977CE96DDB25}.Release|ARM64.ActiveCfg = Release|Any CPU
		{ED3B9230-53A5-4E19-99D7-977CE96DDB25}.Release|ARM64.Build.0 = Release|Any CPU
		{ED3B9230-53A5-4E19-99D7-977CE96DDB25}.Release|x64.ActiveCfg = Release|Any CPU
		{ED3B9230-53A5-4E19-99D7-977CE96DDB25}.Release|x64.Build.0 = Release|Any CPU
		{ED3B9230-53A5-4E19-99D7-977CE96DDB25}.Release|x86.ActiveCfg = Release|Any CPU
		{ED3B9230-53A5-4E19-99D7-977CE96DDB25}.Release|x86.Build.0 = Release|Any CPU
		{122006AC-3EC4-4D4E-ACAE-8FF9BFD797D0}.Debug|Any CPU.ActiveCfg = Debug|Any CPU
		{122006AC-3EC4-4D4E-ACAE-8FF9BFD797D0}.Debug|Any CPU.Build.0 = Debug|Any CPU
		{122006AC-3EC4-4D4E-ACAE-8FF9BFD797D0}.Debug|ARM.ActiveCfg = Debug|Any CPU
		{122006AC-3EC4-4D4E-ACAE-8FF9BFD797D0}.Debug|ARM.Build.0 = Debug|Any CPU
		{122006AC-3EC4-4D4E-ACAE-8FF9BFD797D0}.Debug|ARM64.ActiveCfg = Debug|Any CPU
		{122006AC-3EC4-4D4E-ACAE-8FF9BFD797D0}.Debug|ARM64.Build.0 = Debug|Any CPU
		{122006AC-3EC4-4D4E-ACAE-8FF9BFD797D0}.Debug|x64.ActiveCfg = Debug|Any CPU
		{122006AC-3EC4-4D4E-ACAE-8FF9BFD797D0}.Debug|x64.Build.0 = Debug|Any CPU
		{122006AC-3EC4-4D4E-ACAE-8FF9BFD797D0}.Debug|x86.ActiveCfg = Debug|Any CPU
		{122006AC-3EC4-4D4E-ACAE-8FF9BFD797D0}.Debug|x86.Build.0 = Debug|Any CPU
		{122006AC-3EC4-4D4E-ACAE-8FF9BFD797D0}.Release|Any CPU.ActiveCfg = Release|Any CPU
		{122006AC-3EC4-4D4E-ACAE-8FF9BFD797D0}.Release|Any CPU.Build.0 = Release|Any CPU
		{122006AC-3EC4-4D4E-ACAE-8FF9BFD797D0}.Release|ARM.ActiveCfg = Release|Any CPU
		{122006AC-3EC4-4D4E-ACAE-8FF9BFD797D0}.Release|ARM.Build.0 = Release|Any CPU
		{122006AC-3EC4-4D4E-ACAE-8FF9BFD797D0}.Release|ARM64.ActiveCfg = Release|Any CPU
		{122006AC-3EC4-4D4E-ACAE-8FF9BFD797D0}.Release|ARM64.Build.0 = Release|Any CPU
		{122006AC-3EC4-4D4E-ACAE-8FF9BFD797D0}.Release|x64.ActiveCfg = Release|Any CPU
		{122006AC-3EC4-4D4E-ACAE-8FF9BFD797D0}.Release|x64.Build.0 = Release|Any CPU
		{122006AC-3EC4-4D4E-ACAE-8FF9BFD797D0}.Release|x86.ActiveCfg = Release|Any CPU
		{122006AC-3EC4-4D4E-ACAE-8FF9BFD797D0}.Release|x86.Build.0 = Release|Any CPU
		{CF527551-C5C4-4F61-8A1E-F083B1AEC279}.Debug|Any CPU.ActiveCfg = Debug|Any CPU
		{CF527551-C5C4-4F61-8A1E-F083B1AEC279}.Debug|Any CPU.Build.0 = Debug|Any CPU
		{CF527551-C5C4-4F61-8A1E-F083B1AEC279}.Debug|ARM.ActiveCfg = Debug|Any CPU
		{CF527551-C5C4-4F61-8A1E-F083B1AEC279}.Debug|ARM.Build.0 = Debug|Any CPU
		{CF527551-C5C4-4F61-8A1E-F083B1AEC279}.Debug|ARM64.ActiveCfg = Debug|Any CPU
		{CF527551-C5C4-4F61-8A1E-F083B1AEC279}.Debug|ARM64.Build.0 = Debug|Any CPU
		{CF527551-C5C4-4F61-8A1E-F083B1AEC279}.Debug|x64.ActiveCfg = Debug|Any CPU
		{CF527551-C5C4-4F61-8A1E-F083B1AEC279}.Debug|x64.Build.0 = Debug|Any CPU
		{CF527551-C5C4-4F61-8A1E-F083B1AEC279}.Debug|x86.ActiveCfg = Debug|Any CPU
		{CF527551-C5C4-4F61-8A1E-F083B1AEC279}.Debug|x86.Build.0 = Debug|Any CPU
		{CF527551-C5C4-4F61-8A1E-F083B1AEC279}.Release|Any CPU.ActiveCfg = Release|Any CPU
		{CF527551-C5C4-4F61-8A1E-F083B1AEC279}.Release|Any CPU.Build.0 = Release|Any CPU
		{CF527551-C5C4-4F61-8A1E-F083B1AEC279}.Release|ARM.ActiveCfg = Release|Any CPU
		{CF527551-C5C4-4F61-8A1E-F083B1AEC279}.Release|ARM.Build.0 = Release|Any CPU
		{CF527551-C5C4-4F61-8A1E-F083B1AEC279}.Release|ARM64.ActiveCfg = Release|Any CPU
		{CF527551-C5C4-4F61-8A1E-F083B1AEC279}.Release|ARM64.Build.0 = Release|Any CPU
		{CF527551-C5C4-4F61-8A1E-F083B1AEC279}.Release|x64.ActiveCfg = Release|Any CPU
		{CF527551-C5C4-4F61-8A1E-F083B1AEC279}.Release|x64.Build.0 = Release|Any CPU
		{CF527551-C5C4-4F61-8A1E-F083B1AEC279}.Release|x86.ActiveCfg = Release|Any CPU
		{CF527551-C5C4-4F61-8A1E-F083B1AEC279}.Release|x86.Build.0 = Release|Any CPU
		{BB9BE2DA-3846-4A33-89DA-4C8CBFFADF4B}.Debug|Any CPU.ActiveCfg = Debug|Any CPU
		{BB9BE2DA-3846-4A33-89DA-4C8CBFFADF4B}.Debug|Any CPU.Build.0 = Debug|Any CPU
		{BB9BE2DA-3846-4A33-89DA-4C8CBFFADF4B}.Debug|ARM.ActiveCfg = Debug|Any CPU
		{BB9BE2DA-3846-4A33-89DA-4C8CBFFADF4B}.Debug|ARM.Build.0 = Debug|Any CPU
		{BB9BE2DA-3846-4A33-89DA-4C8CBFFADF4B}.Debug|ARM64.ActiveCfg = Debug|Any CPU
		{BB9BE2DA-3846-4A33-89DA-4C8CBFFADF4B}.Debug|ARM64.Build.0 = Debug|Any CPU
		{BB9BE2DA-3846-4A33-89DA-4C8CBFFADF4B}.Debug|x64.ActiveCfg = Debug|Any CPU
		{BB9BE2DA-3846-4A33-89DA-4C8CBFFADF4B}.Debug|x64.Build.0 = Debug|Any CPU
		{BB9BE2DA-3846-4A33-89DA-4C8CBFFADF4B}.Debug|x86.ActiveCfg = Debug|Any CPU
		{BB9BE2DA-3846-4A33-89DA-4C8CBFFADF4B}.Debug|x86.Build.0 = Debug|Any CPU
		{BB9BE2DA-3846-4A33-89DA-4C8CBFFADF4B}.Release|Any CPU.ActiveCfg = Release|Any CPU
		{BB9BE2DA-3846-4A33-89DA-4C8CBFFADF4B}.Release|Any CPU.Build.0 = Release|Any CPU
		{BB9BE2DA-3846-4A33-89DA-4C8CBFFADF4B}.Release|ARM.ActiveCfg = Release|Any CPU
		{BB9BE2DA-3846-4A33-89DA-4C8CBFFADF4B}.Release|ARM.Build.0 = Release|Any CPU
		{BB9BE2DA-3846-4A33-89DA-4C8CBFFADF4B}.Release|ARM64.ActiveCfg = Release|Any CPU
		{BB9BE2DA-3846-4A33-89DA-4C8CBFFADF4B}.Release|ARM64.Build.0 = Release|Any CPU
		{BB9BE2DA-3846-4A33-89DA-4C8CBFFADF4B}.Release|x64.ActiveCfg = Release|Any CPU
		{BB9BE2DA-3846-4A33-89DA-4C8CBFFADF4B}.Release|x64.Build.0 = Release|Any CPU
		{BB9BE2DA-3846-4A33-89DA-4C8CBFFADF4B}.Release|x86.ActiveCfg = Release|Any CPU
		{BB9BE2DA-3846-4A33-89DA-4C8CBFFADF4B}.Release|x86.Build.0 = Release|Any CPU
	EndGlobalSection
	GlobalSection(SolutionProperties) = preSolution
		HideSolutionNode = FALSE
	EndGlobalSection
	GlobalSection(ExtensibilityGlobals) = postSolution
		SolutionGuid = {3777DB88-13BC-4767-96C4-37955B775E32}
	EndGlobalSection
EndGlobal
